{
  "version": 1,
  "dependencies": {
    "net10.0-windows7.0": {
      "Microsoft.Extensions.DependencyInjection": {
        "type": "Direct",
        "requested": "[10.0.11, )",
        "resolved": "10.0.11",
        "contentHash": "PSmotV19c7E3lKed++uYo1kSiXFI+uTl37CBSrhq+CfLC3FCHjG7R91+xPnNehQfHS1b0Tzo/CCLPWH3qaEheg==",
        "dependencies": {
          "Microsoft.Extensions.DependencyInjection.Abstractions": "10.0.11"
        }
      },
      "IKVM": {
        "type": "Transitive",
        "resolved": "8.15.0",
        "contentHash": "d3B8xx1VA6bgQQH8dCrzQgmBNipjLMuqHjEq7sILcWz241ZPjjC6ZBQ0n/KkP0foHhc4Lyl53UbJepyLRfk0kg==",
        "dependencies": {
          "IKVM.ByteCode": "9.3.4",
          "IKVM.Image": "8.15.0",
          "IKVM.MSBuild": "8.15.0",
          "Microsoft.Extensions.DependencyModel": "8.0.2",
          "System.Data.Odbc": "8.0.0"
        }
      },
      "IKVM.ByteCode": {
        "type": "Transitive",
        "resolved": "9.3.4",
        "contentHash": "Hi4arsjbW/kLIFvqS+tyaQEUfms+srJ6SSO8sdk8U4Z9t81I/ndcU3qSInSasAZr7PK7gJ3CRk/FWYuPQzY+GQ=="
      },
      "IKVM.Image": {
        "type": "Transitive",
        "resolved": "8.15.0",
        "contentHash": "gdMsVh9nGg578+XOMUsDkxPcea8KTw5fCvWLg0Xnldgp5p3BqpMS/XSy4W2IycIg+oRVcMPGa5gkcDZ9w4fhgw==",
        "dependencies": {
          "IKVM.Image.runtime.linux-arm": "8.15.0",
          "IKVM.Image.runtime.linux-arm64": "8.15.0",
          "IKVM.Image.runtime.linux-musl-arm": "8.15.0",
          "IKVM.Image.runtime.linux-musl-arm64": "8.15.0",
          "IKVM.Image.runtime.linux-musl-x64": "8.15.0",
          "IKVM.Image.runtime.linux-x64": "8.15.0",
          "IKVM.Image.runtime.osx-arm64": "8.15.0",
          "IKVM.Image.runtime.osx-x64": "8.15.0",
          "IKVM.Image.runtime.win-arm64": "8.15.0",
          "IKVM.Image.runtime.win-x64": "8.15.0",
          "IKVM.Image.runtime.win-x86": "8.15.0"
        }
      },
      "IKVM.Image.runtime.linux-arm": {
        "type": "Transitive",
        "resolved": "8.15.0",
        "contentHash": "nHxbxlNF3EENkccD3NrWJy5W+eLRn+81OibvaMdKgpHtd2cph8eJgsZ+OD739gZKjHxUeYewaM99XZb0VjosIQ=="
      },
      "IKVM.Image.runtime.linux-arm64": {
        "type": "Transitive",
        "resolved": "8.15.0",
        "contentHash": "y8gavIMJbfxvwlarDjzYeWleNgOaFLAloDBBMOXWoOniFkACm9W9KvlGk9+Tc0ZQjK/mtbsvLXym4c9FxHpXqQ=="
      },
      "IKVM.Image.runtime.linux-musl-arm": {
        "type": "Transitive",
        "resolved": "8.15.0",
        "contentHash": "/40S6OWIeN64oiK7ZKZ/ZVA3JH9QP6v7iLqBqSHV1gIXFa2Otp5yMGRD26H9FgOivDwjaaYyFLIdx2mmE/7HrA=="
      },
      "IKVM.Image.runtime.linux-musl-arm64": {
        "type": "Transitive",
        "resolved": "8.15.0",
        "contentHash": "APvzPTmJ7o6MNp5NpAlBqK5bIB/8vwtRaHFvAD9NKtWsQx9U0ywtODYctpfBnueQU/RZGuLv/uckaXCRQPXw0w=="
      },
      "IKVM.Image.runtime.linux-musl-x64": {
        "type": "Transitive",
        "resolved": "8.15.0",
        "contentHash": "TZ/eHXebb+bGsKBsixVtEsGcZ3U6x7hyl0SAK4KvHDbTZ6VCBfsNuTUSHQLyCFzgKvhbHJ15JgMYzeT6gihVPg=="
      },
      "IKVM.Image.runtime.linux-x64": {
        "type": "Transitive",
        "resolved": "8.15.0",
        "contentHash": "eHXltmMAlpUlDay6argNnHkxJopywfg8ArC43TlDrrm2mHIp7reFllnnFBrgHLNkjJQ+4MLOxpAWHx1H3l/LFA=="
      },
      "IKVM.Image.runtime.osx-arm64": {
        "type": "Transitive",
        "resolved": "8.15.0",
        "contentHash": "83BKlEMhqLam9S3eCVTVvsTq+vCaBeVCsdP4lOntfJR/uwD32m88SZxqwzOuzVLIzMPDiM0NUhfXLdES98ji7Q=="
      },
      "IKVM.Image.runtime.osx-x64": {
        "type": "Transitive",
        "resolved": "8.15.0",
        "contentHash": "55CYw7gO/3pDxBRHQPk6B2EWljDzujOwP8ExkBnHnrRS8TwrZksKJJC9OISc6qjidiypg0hnrCkG7c2U8iEcwg=="
      },
      "IKVM.Image.runtime.win-arm64": {
        "type": "Transitive",
        "resolved": "8.15.0",
        "contentHash": "+nNV8XbmINl1EqZ9brH9EwwmSW5D//rbOAuzR7MnGV7XSja7gQIjPLzSmclpvD1V1bFUPko4Tt3s+aiXWVbUhw=="
      },
      "IKVM.Image.runtime.win-x64": {
        "type": "Transitive",
        "resolved": "8.15.0",
        "contentHash": "HmCsUhuy/ajWi+U7cGubXLqVnPN+9RxbhHvvNkQy97zXacISkK+zrqw22Whrws2MngDXQgk7a5NVmiTcQUmrGQ=="
      },
      "IKVM.Image.runtime.win-x86": {
        "type": "Transitive",
        "resolved": "8.15.0",
        "contentHash": "nFnfcTrqZ+COGr2Hzwmnbj4CZeHT/18KPQ53tcFcqVVE54+1BAYn/aDuFxznMHtfhTxUR1+k06sKHQrn/qwDDw=="
      },
      "IKVM.Maven.Sdk": {
        "type": "Transitive",
        "resolved": "1.11.0",
        "contentHash": "XseNQ55F/f+pKHxGZAEGXc3q1DbUeBEhQU0NuUMWh0TJA6DnCX7qIrn9D1mdRBHIvF9gIPpuWg8ewMx/FYkeNg==",
        "dependencies": {
          "IKVM": "8.15.0"
        }
      },
      "IKVM.MSBuild": {
        "type": "Transitive",
        "resolved": "8.15.0",
        "contentHash": "TT5VLVdUlbUA8y4JQI/Lq3OGIX/yrEi+A3SshNQHA5KylEEOGlhyxOQpsQp/GEpJxNiJOoqy5W8r5bB8EeYUNg==",
        "dependencies": {
          "IKVM.MSBuild.Tools": "8.15.0"
        }
      },
      "IKVM.MSBuild.Tools": {
        "type": "Transitive",
        "resolved": "8.15.0",
        "contentHash": "bkoEnqkVEJRzlkys7N7m0aS5dKfft/k4hbMZj0PvBBaKGkrKwYahAhE2lNn54NNP0E/6KafTtVHbdnJL9Uo3yA==",
        "dependencies": {
          "IKVM.MSBuild.Tools.runtime.linux-arm": "8.15.0",
          "IKVM.MSBuild.Tools.runtime.linux-arm64": "8.15.0",
          "IKVM.MSBuild.Tools.runtime.linux-x64": "8.15.0",
          "IKVM.MSBuild.Tools.runtime.osx-arm64": "8.15.0",
          "IKVM.MSBuild.Tools.runtime.osx-x64": "8.15.0",
          "IKVM.MSBuild.Tools.runtime.win-arm64": "8.15.0",
          "IKVM.MSBuild.Tools.runtime.win-x64": "8.15.0"
        }
      },
      "IKVM.MSBuild.Tools.runtime.linux-arm": {
        "type": "Transitive",
        "resolved": "8.15.0",
        "contentHash": "qe2r31pf+4okgUHw+4/AOyoyzQk6PFn3UrMa0KTgEfKg7wEcOdGNUbmXzdwen/BUgvW1Rm83ynrOJbj9+w6rkA=="
      },
      "IKVM.MSBuild.Tools.runtime.linux-arm64": {
        "type": "Transitive",
        "resolved": "8.15.0",
        "contentHash": "XVZHUNstR2VAqcAW9x8CbpFSj3ttQhmOCrKaIeIkcrGRBWBRa913+QmN90cvlQx3mpI1aazQHQxjCrkYwFIALA=="
      },
      "IKVM.MSBuild.Tools.runtime.linux-x64": {
        "type": "Transitive",
        "resolved": "8.15.0",
        "contentHash": "pgxEjk6sthWs1dhjvQ4kZ5j1x8fENX2uHOQn6pwBNeZua/SMXLys4/fuoJ9KkejilxaRaeuHwKbUylhg5wh4ag=="
      },
      "IKVM.MSBuild.Tools.runtime.osx-arm64": {
        "type": "Transitive",
        "resolved": "8.15.0",
        "contentHash": "kG+QtFtCXW0nlvJI9ak6OAgd0UG0V2AAbpfKLjyu02SqauLQDhihGXWTYNkGDyb3KEiPYSSiGguOij3IiuFgJg=="
      },
      "IKVM.MSBuild.Tools.runtime.osx-x64": {
        "type": "Transitive",
        "resolved": "8.15.0",
        "contentHash": "txO43kIdz9O64eZdq24fP7RuuryL2/1wsmAm80ELaEVEjk/QcgCIayKxjppeV/kclggw0qMphoU8+ya1tmMt+A=="
      },
      "IKVM.MSBuild.Tools.runtime.win-arm64": {
        "type": "Transitive",
        "resolved": "8.15.0",
        "contentHash": "r4Rmkwzlmdtic5loozzMeQStHc3hRh9kto1/C0NY93qg56w7A/GjcS6Ahua5w0NaYhssuLCBvUA0K0m3SD5ZbA=="
      },
      "IKVM.MSBuild.Tools.runtime.win-x64": {
        "type": "Transitive",
        "resolved": "8.15.0",
        "contentHash": "650BHVjDwo+5guwNNACLxq8LAl/5zYnH80RznMIQSuu4oMiJik/ueHba6ViWWz1h6LgWGCBdT0Q2x+ZYRWpDnw=="
      },
      "Microsoft.Extensions.DependencyInjection.Abstractions": {
        "type": "Transitive",
        "resolved": "10.0.11",
        "contentHash": "/a1aJz4m7ylhEDf25ugQChLQoN5XwoGjWw/BoR/ZWWKsO1v4DdJElS1uyngahz4B/eOzjFk1KNTkarRLE5wsIg=="
      },
      "Microsoft.Extensions.DependencyModel": {
        "type": "Transitive",
        "resolved": "8.0.2",
        "contentHash": "mUBDZZRgZrSyFOsJ2qJJ9fXfqd/kXJwf3AiDoqLD9m6TjY5OO/vLNOb9fb4juC0487eq4hcGN/M2Rh/CKS7QYw=="
      },
      "Microsoft.Extensions.Logging.Abstractions": {
        "type": "Transitive",
        "resolved": "10.0.11",
        "contentHash": "Ljd0Uxoq5XpScD2Bg0nM/r3mwx7Ao5Uq24eo2ARxbGvqJ7Zht6rt2cJtwVRH4Cv+1ZVMdXz6TB43KbpmsxRrvQ==",
        "dependencies": {
          "Microsoft.Extensions.DependencyInjection.Abstractions": "10.0.11"
        }
      },
      "SaxonHE12s9apiExtensions": {
        "type": "Transitive",
        "resolved": "12.10.1",
        "contentHash": "1sHDPu9swIUSjphi+7NQ46VWR6++b9slgSfBXg1zvbA/QAd3qv7imloe4rcY6RiWnGiKT5/oISSy1fPf1QbnIQ==",
        "dependencies": {
          "IKVM": "8.15.0",
          "IKVM.Maven.Sdk": "1.11.0"
        }
      },
      "System.Data.Odbc": {
        "type": "Transitive",
        "resolved": "8.0.0",
        "contentHash": "c+GfnZt2/HyU+voKw2fctLZClcNjPZPWS+mnIhGvDknRMqL/fwWlREWPgA4csbp9ZkQIgB4qkufgdh/oh5Ubow=="
      },
      "lefty.schemas": {
        "type": "Project"
      },
      "lefty.schematron": {
        "type": "Project",
        "dependencies": {
          "Microsoft.Extensions.Logging.Abstractions": "[10.0.11, )",
          "SaxonHE12s9apiExtensions": "[12.10.1, )"
        }
      }
    }
  }
}